// !$*UTF8*$!
{
	archiveVersion = 1;
	classes = {
	};
	objectVersion = 55;
	objects = {

/* Begin PBXBuildFile section */
		CC69D5C128198C2300C86E8C /* AppDelegate.swift in Sources */ = {isa = PBXBuildFile; fileRef = CC69D5C028198C2300C86E8C /* AppDelegate.swift */; };
		CC69D5C328198C2300C86E8C /* SceneDelegate.swift in Sources */ = {isa = PBXBuildFile; fileRef = CC69D5C228198C2300C86E8C /* SceneDelegate.swift */; };
		CC69D5C528198C2300C86E8C /* DevViewController.swift in Sources */ = {isa = PBXBuildFile; fileRef = CC69D5C428198C2300C86E8C /* DevViewController.swift */; };
		CC69D5CA28198C2700C86E8C /* Assets.xcassets in Resources */ = {isa = PBXBuildFile; fileRef = CC69D5C928198C2700C86E8C /* Assets.xcassets */; };
		CC69D5CD28198C2700C86E8C /* LaunchScreen.storyboard in Resources */ = {isa = PBXBuildFile; fileRef = CC69D5CB28198C2700C86E8C /* LaunchScreen.storyboard */; };
		CC69D5D82819910400C86E8C /* DevViewModel.swift in Sources */ = {isa = PBXBuildFile; fileRef = CC69D5D72819910400C86E8C /* DevViewModel.swift */; };
		CC69D5DC281991CB00C86E8C /* DevTableViewCell.swift in Sources */ = {isa = PBXBuildFile; fileRef = CC69D5DB281991CB00C86E8C /* DevTableViewCell.swift */; };
		CC69D5DE2819928000C86E8C /* DevTableViewCellScreen.swift in Sources */ = {isa = PBXBuildFile; fileRef = CC69D5DD2819928000C86E8C /* DevTableViewCellScreen.swift */; };
		CC69D5E02819B1BB00C86E8C /* DevViewControllerScreen.swift in Sources */ = {isa = PBXBuildFile; fileRef = CC69D5DF2819B1BB00C86E8C /* DevViewControllerScreen.swift */; };
		CC69D5E22819C56900C86E8C /* DetailDevViewControllerScreen.swift in Sources */ = {isa = PBXBuildFile; fileRef = CC69D5E12819C56900C86E8C /* DetailDevViewControllerScreen.swift */; };
		CC69D5E42819CDD800C86E8C /* DevDetailViewController.swift in Sources */ = {isa = PBXBuildFile; fileRef = CC69D5E32819CDD800C86E8C /* DevDetailViewController.swift */; };
/* End PBXBuildFile section */

/* Begin PBXFileReference section */
		CC69D5BD28198C2300C86E8C /* CustomCellViewCode.app */ = {isa = PBXFileReference; explicitFileType = wrapper.application; includeInIndex = 0; path = CustomCellViewCode.app; sourceTree = BUILT_PRODUCTS_DIR; };
		CC69D5C028198C2300C86E8C /* AppDelegate.swift */ = {isa = PBXFileReference; lastKnownFileType = sourcecode.swift; path = AppDelegate.swift; sourceTree = "<group>"; };
		CC69D5C228198C2300C86E8C /* SceneDelegate.swift */ = {isa = PBXFileReference; lastKnownFileType = sourcecode.swift; path = SceneDelegate.swift; sourceTree = "<group>"; };
		CC69D5C428198C2300C86E8C /* DevViewController.swift */ = {isa = PBXFileReference; lastKnownFileType = sourcecode.swift; path = DevViewController.swift; sourceTree = "<group>"; };
		CC69D5C928198C2700C86E8C /* Assets.xcassets */ = {isa = PBXFileReference; lastKnownFileType = folder.assetcatalog; path = Assets.xcassets; sourceTree = "<group>"; };
		CC69D5CC28198C2700C86E8C /* Base */ = {isa = PBXFileReference; lastKnownFileType = file.storyboard; name = Base; path = Base.lproj/LaunchScreen.storyboard; sourceTree = "<group>"; };
		CC69D5CE28198C2700C86E8C /* Info.plist */ = {isa = PBXFileReference; lastKnownFileType = text.plist.xml; path = Info.plist; sourceTree = "<group>"; };
		CC69D5D72819910400C86E8C /* DevViewModel.swift */ = {isa = PBXFileReference; lastKnownFileType = sourcecode.swift; path = DevViewModel.swift; sourceTree = "<group>"; };
		CC69D5DB281991CB00C86E8C /* DevTableViewCell.swift */ = {isa = PBXFileReference; lastKnownFileType = sourcecode.swift; path = DevTableViewCell.swift; sourceTree = "<group>"; };
		CC69D5DD2819928000C86E8C /* DevTableViewCellScreen.swift */ = {isa = PBXFileReference; lastKnownFileType = sourcecode.swift; path = DevTableViewCellScreen.swift; sourceTree = "<group>"; };
		CC69D5DF2819B1BB00C86E8C /* DevViewControllerScreen.swift */ = {isa = PBXFileReference; lastKnownFileType = sourcecode.swift; path = DevViewControllerScreen.swift; sourceTree = "<group>"; };
		CC69D5E12819C56900C86E8C /* DetailDevViewControllerScreen.swift */ = {isa = PBXFileReference; lastKnownFileType = sourcecode.swift; path = DetailDevViewControllerScreen.swift; sourceTree = "<group>"; };
		CC69D5E32819CDD800C86E8C /* DevDetailViewController.swift */ = {isa = PBXFileReference; lastKnownFileType = sourcecode.swift; path = DevDetailViewController.swift; sourceTree = "<group>"; };
/* End PBXFileReference section */

/* Begin PBXFrameworksBuildPhase section */
		CC69D5BA28198C2300C86E8C /* Frameworks */ = {
			isa = PBXFrameworksBuildPhase;
			buildActionMask = 2147483647;
			files = (
			);
			runOnlyForDeploymentPostprocessing = 0;
		};
/* End PBXFrameworksBuildPhase section */

/* Begin PBXGroup section */
		CC69D5B428198C2300C86E8C = {
			isa = PBXGroup;
			children = (
				CC69D5BF28198C2300C86E8C /* CustomCellViewCode */,
				CC69D5BE28198C2300C86E8C /* Products */,
			);
			sourceTree = "<group>";
		};
		CC69D5BE28198C2300C86E8C /* Products */ = {
			isa = PBXGroup;
			children = (
				CC69D5BD28198C2300C86E8C /* CustomCellViewCode.app */,
			);
			name = Products;
			sourceTree = "<group>";
		};
		CC69D5BF28198C2300C86E8C /* CustomCellViewCode */ = {
			isa = PBXGroup;
			children = (
				CC69D5D4281990A800C86E8C /* Model */,
				CC69D5D5281990B000C86E8C /* View */,
				CC69D5D6281990BA00C86E8C /* Controller */,
				CC69D5C028198C2300C86E8C /* AppDelegate.swift */,
				CC69D5C228198C2300C86E8C /* SceneDelegate.swift */,
				CC69D5C928198C2700C86E8C /* Assets.xcassets */,
				CC69D5CB28198C2700C86E8C /* LaunchScreen.storyboard */,
				CC69D5CE28198C2700C86E8C /* Info.plist */,
			);
			path = CustomCellViewCode;
			sourceTree = "<group>";
		};
		CC69D5D4281990A800C86E8C /* Model */ = {
			isa = PBXGroup;
			children = (
				CC69D5D72819910400C86E8C /* DevViewModel.swift */,
			);
			path = Model;
			sourceTree = "<group>";
		};
		CC69D5D5281990B000C86E8C /* View */ = {
			isa = PBXGroup;
			children = (
				CC69D5D92819918900C86E8C /* Cell */,
				CC69D5DF2819B1BB00C86E8C /* DevViewControllerScreen.swift */,
				CC69D5E12819C56900C86E8C /* DetailDevViewControllerScreen.swift */,
			);
			path = View;
			sourceTree = "<group>";
		};
		CC69D5D6281990BA00C86E8C /* Controller */ = {
			isa = PBXGroup;
			children = (
				CC69D5C428198C2300C86E8C /* DevViewController.swift */,
				CC69D5E32819CDD800C86E8C /* DevDetailViewController.swift */,
			);
			path = Controller;
			sourceTree = "<group>";
		};
		CC69D5D92819918900C86E8C /* Cell */ = {
			isa = PBXGroup;
			children = (
				CC69D5DA2819919000C86E8C /* Screen */,
				CC69D5DB281991CB00C86E8C /* DevTableViewCell.swift */,
			);
			path = Cell;
			sourceTree = "<group>";
		};
		CC69D5DA2819919000C86E8C /* Screen */ = {
			isa = PBXGroup;
			children = (
				CC69D5DD2819928000C86E8C /* DevTableViewCellScreen.swift */,
			);
			path = Screen;
			sourceTree = "<group>";
		};
/* End PBXGroup section */

/* Begin PBXNativeTarget section */
		CC69D5BC28198C2300C86E8C /* CustomCellViewCode */ = {
			isa = PBXNativeTarget;
			buildConfigurationList = CC69D5D128198C2700C86E8C /* Build configuration list for PBXNativeTarget "CustomCellViewCode" */;
			buildPhases = (
				CC69D5B928198C2300C86E8C /* Sources */,
				CC69D5BA28198C2300C86E8C /* Frameworks */,
				CC69D5BB28198C2300C86E8C /* Resources */,
			);
			buildRules = (
			);
			dependencies = (
			);
			name = CustomCellViewCode;
			productName = CustomCellViewCode;
			productReference = CC69D5BD28198C2300C86E8C /* CustomCellViewCode.app */;
			productType = "com.apple.product-type.application";
		};
/* End PBXNativeTarget section */

/* Begin PBXProject section */
		CC69D5B528198C2300C86E8C /* Project object */ = {
			isa = PBXProject;
			attributes = {
				BuildIndependentTargetsInParallel = 1;
				LastSwiftUpdateCheck = 1330;
				LastUpgradeCheck = 1330;
				TargetAttributes = {
					CC69D5BC28198C2300C86E8C = {
						CreatedOnToolsVersion = 13.3.1;
					};
				};
			};
			buildConfigurationList = CC69D5B828198C2300C86E8C /* Build configuration list for PBXProject "CustomCellViewCode" */;
			compatibilityVersion = "Xcode 13.0";
			developmentRegion = en;
			hasScannedForEncodings = 0;
			knownRegions = (
				en,
				Base,
			);
			mainGroup = CC69D5B428198C2300C86E8C;
			productRefGroup = CC69D5BE28198C2300C86E8C /* Products */;
			projectDirPath = "";
			projectRoot = "";
			targets = (
				CC69D5BC28198C2300C86E8C /* CustomCellViewCode */,
			);
		};
/* End PBXProject section */

/* Begin PBXResourcesBuildPhase section */
		CC69D5BB28198C2300C86E8C /* Resources */ = {
			isa = PBXResourcesBuildPhase;
			buildActionMask = 2147483647;
			files = (
				CC69D5CD28198C2700C86E8C /* LaunchScreen.storyboard in Resources */,
				CC69D5CA28198C2700C86E8C /* Assets.xcassets in Resources */,
			);
			runOnlyForDeploymentPostprocessing = 0;
		};
/* End PBXResourcesBuildPhase section */

/* Begin PBXSourcesBuildPhase section */
		CC69D5B928198C2300C86E8C /* Sources */ = {
			isa = PBXSourcesBuildPhase;
			buildActionMask = 2147483647;
			files = (
				CC69D5E22819C56900C86E8C /* DetailDevViewControllerScreen.swift in Sources */,
				CC69D5D82819910400C86E8C /* DevViewModel.swift in Sources */,
				CC69D5C528198C2300C86E8C /* DevViewController.swift in Sources */,
				CC69D5DC281991CB00C86E8C /* DevTableViewCell.swift in Sources */,
				CC69D5DE2819928000C86E8C /* DevTableViewCellScreen.swift in Sources */,
				CC69D5E42819CDD800C86E8C /* DevDetailViewController.swift in Sources */,
				CC69D5C128198C2300C86E8C /* AppDelegate.swift in Sources */,
				CC69D5C328198C2300C86E8C /* SceneDelegate.swift in Sources */,
				CC69D5E02819B1BB00C86E8C /* DevViewControllerScreen.swift in Sources */,
			);
			runOnlyForDeploymentPostprocessing = 0;
		};
/* End PBXSourcesBuildPhase section */

/* Begin PBXVariantGroup section */
		CC69D5CB28198C2700C86E8C /* LaunchScreen.storyboard */ = {
			isa = PBXVariantGroup;
			children = (
				CC69D5CC28198C2700C86E8C /* Base */,
			);
			name = LaunchScreen.storyboard;
			sourceTree = "<group>";
		};
/* End PBXVariantGroup section */

/* Begin XCBuildConfiguration section */
		CC69D5CF28198C2700C86E8C /* Debug */ = {
			isa = XCBuildConfiguration;
			buildSettings = {
				ALWAYS_SEARCH_USER_PATHS = NO;
				CLANG_ANALYZER_NONNULL = YES;
				CLANG_ANALYZER_NUMBER_OBJECT_CONVERSION = YES_AGGRESSIVE;
				CLANG_CXX_LANGUAGE_STANDARD = "gnu++17";
				CLANG_ENABLE_MODULES = YES;
				CLANG_ENABLE_OBJC_ARC = YES;
				CLANG_ENABLE_OBJC_WEAK = YES;
				CLANG_WARN_BLOCK_CAPTURE_AUTORELEASING = YES;
				CLANG_WARN_BOOL_CONVERSION = YES;
				CLANG_WARN_COMMA = YES;
				CLANG_WARN_CONSTANT_CONVERSION = YES;
				CLANG_WARN_DEPRECATED_OBJC_IMPLEMENTATIONS = YES;
				CLANG_WARN_DIRECT_OBJC_ISA_USAGE = YES_ERROR;
				CLANG_WARN_DOCUMENTATION_COMMENTS = YES;
				CLANG_WARN_EMPTY_BODY = YES;
				CLANG_WARN_ENUM_CONVERSION = YES;
				CLANG_WARN_INFINITE_RECURSION = YES;
				CLANG_WARN_INT_CONVERSION = YES;
				CLANG_WARN_NON_LITERAL_NULL_CONVERSION = YES;
				CLANG_WARN_OBJC_IMPLICIT_RETAIN_SELF = YES;
				CLANG_WARN_OBJC_LITERAL_CONVERSION = YES;
				CLANG_WARN_OBJC_ROOT_CLASS = YES_ERROR;
				CLANG_WARN_QUOTED_INCLUDE_IN_FRAMEWORK_HEADER = YES;
				CLANG_WARN_RANGE_LOOP_ANALYSIS = YES;
				CLANG_WARN_STRICT_PROTOTYPES = YES;
				CLANG_WARN_SUSPICIOUS_MOVE = YES;
				CLANG_WARN_UNGUARDED_AVAILABILITY = YES_AGGRESSIVE;
				CLANG_WARN_UNREACHABLE_CODE = YES;
				CLANG_WARN__DUPLICATE_METHOD_MATCH = YES;
				COPY_PHASE_STRIP = NO;
				DEBUG_INFORMATION_FORMAT = dwarf;
				ENABLE_STRICT_OBJC_MSGSEND = YES;
				ENABLE_TESTABILITY = YES;
				GCC_C_LANGUAGE_STANDARD = gnu11;
				GCC_DYNAMIC_NO_PIC = NO;
				GCC_NO_COMMON_BLOCKS = YES;
				GCC_OPTIMIZATION_LEVEL = 0;
				GCC_PREPROCESSOR_DEFINITIONS = (
					"DEBUG=1",
					"$(inherited)",
				);
				GCC_WARN_64_TO_32_BIT_CONVERSION = YES;
				GCC_WARN_ABOUT_RETURN_TYPE = YES_ERROR;
				GCC_WARN_UNDECLARED_SELECTOR = YES;
				GCC_WARN_UNINITIALIZED_AUTOS = YES_AGGRESSIVE;
				GCC_WARN_UNUSED_FUNCTION = YES;
				GCC_WARN_UNUSED_VARIABLE = YES;
				IPHONEOS_DEPLOYMENT_TARGET = 15.4;
				MTL_ENABLE_DEBUG_INFO = INCLUDE_SOURCE;
				MTL_FAST_MATH = YES;
				ONLY_ACTIVE_ARCH = YES;
				SDKROOT = iphoneos;
				SWIFT_ACTIVE_COMPILATION_CONDITIONS = DEBUG;
				SWIFT_OPTIMIZATION_LEVEL = "-Onone";
			};
			name = Debug;
		};
		CC69D5D028198C2700C86E8C /* Release */ = {
			isa = XCBuildConfiguration;
			buildSettings = {
				ALWAYS_SEARCH_USER_PATHS = NO;
				CLANG_ANALYZER_NONNULL = YES;
				CLANG_ANALYZER_NUMBER_OBJECT_CONVERSION = YES_AGGRESSIVE;
				CLANG_CXX_LANGUAGE_STANDARD = "gnu++17";
				CLANG_ENABLE_MODULES = YES;
				CLANG_ENABLE_OBJC_ARC = YES;
				CLANG_ENABLE_OBJC_WEAK = YES;
				CLANG_WARN_BLOCK_CAPTURE_AUTORELEASING = YES;
				CLANG_WARN_BOOL_CONVERSION = YES;
				CLANG_WARN_COMMA = YES;
				CLANG_WARN_CONSTANT_CONVERSION = YES;
				CLANG_WARN_DEPRECATED_OBJC_IMPLEMENTATIONS = YES;
				CLANG_WARN_DIRECT_OBJC_ISA_USAGE = YES_ERROR;
				CLANG_WARN_DOCUMENTATION_COMMENTS = YES;
				CLANG_WARN_EMPTY_BODY = YES;
				CLANG_WARN_ENUM_CONVERSION = YES;
				CLANG_WARN_INFINITE_RECURSION = YES;
				CLANG_WARN_INT_CONVERSION = YES;
				CLANG_WARN_NON_LITERAL_NULL_CONVERSION = YES;
				CLANG_WARN_OBJC_IMPLICIT_RETAIN_SELF = YES;
				CLANG_WARN_OBJC_LITERAL_CONVERSION = YES;
				CLANG_WARN_OBJC_ROOT_CLASS = YES_ERROR;
				CLANG_WARN_QUOTED_INCLUDE_IN_FRAMEWORK_HEADER = YES;
				CLANG_WARN_RANGE_LOOP_ANALYSIS = YES;
				CLANG_WARN_STRICT_PROTOTYPES = YES;
				CLANG_WARN_SUSPICIOUS_MOVE = YES;
				CLANG_WARN_UNGUARDED_AVAILABILITY = YES_AGGRESSIVE;
				CLANG_WARN_UNREACHABLE_CODE = YES;
				CLANG_WARN__DUPLICATE_METHOD_MATCH = YES;
				COPY_PHASE_STRIP = NO;
				DEBUG_INFORMATION_FORMAT = "dwarf-with-dsym";
				ENABLE_NS_ASSERTIONS = NO;
				ENABLE_STRICT_OBJC_MSGSEND = YES;
				GCC_C_LANGUAGE_STANDARD = gnu11;
				GCC_NO_COMMON_BLOCKS = YES;
				GCC_WARN_64_TO_32_BIT_CONVERSION = YES;
				GCC_WARN_ABOUT_RETURN_TYPE = YES_ERROR;
				GCC_WARN_UNDECLARED_SELECTOR = YES;
				GCC_WARN_UNINITIALIZED_AUTOS = YES_AGGRESSIVE;
				GCC_WARN_UNUSED_FUNCTION = YES;
				GCC_WARN_UNUSED_VARIABLE = YES;
				IPHONEOS_DEPLOYMENT_TARGET = 15.4;
				MTL_ENABLE_DEBUG_INFO = NO;
				MTL_FAST_MATH = YES;
				SDKROOT = iphoneos;
				SWIFT_COMPILATION_MODE = wholemodule;
				SWIFT_OPTIMIZATION_LEVEL = "-O";
				VALIDATE_PRODUCT = YES;
			};
			name = Release;
		};
		CC69D5D228198C2700C86E8C /* Debug */ = {
			isa = XCBuildConfiguration;
			buildSettings = {
				ASSETCATALOG_COMPILER_APPICON_NAME = AppIcon;
				ASSETCATALOG_COMPILER_GLOBAL_ACCENT_COLOR_NAME = AccentColor;
				CODE_SIGN_STYLE = Automatic;
				CURRENT_PROJECT_VERSION = 1;
				DEVELOPMENT_TEAM = L859KY23VK;
				GENERATE_INFOPLIST_FILE = YES;
				INFOPLIST_FILE = CustomCellViewCode/Info.plist;
				INFOPLIST_KEY_UIApplicationSupportsIndirectInputEvents = YES;
				INFOPLIST_KEY_UILaunchStoryboardName = LaunchScreen;
				INFOPLIST_KEY_UISupportedInterfaceOrientations_iPad = "UIInterfaceOrientationPortrait UIInterfaceOrientationPortraitUpsideDown UIInterfaceOrientationLandscapeLeft UIInterfaceOrientationLandscapeRight";
				INFOPLIST_KEY_UISupportedInterfaceOrientations_iPhone = "UIInterfaceOrientationPortrait UIInterfaceOrientationLandscapeLeft UIInterfaceOrientationLandscapeRight";
				LD_RUNPATH_SEARCH_PATHS = (
					"$(inherited)",
					"@executable_path/Frameworks",
				);
				MARKETING_VERSION = 1.0;
				PRODUCT_BUNDLE_IDENTIFIER = com.jean.CustomCellViewCode;
				PRODUCT_NAME = "$(TARGET_NAME)";
				SWIFT_EMIT_LOC_STRINGS = YES;
				SWIFT_VERSION = 5.0;
				TARGETED_DEVICE_FAMILY = "1,2";
			};
			name = Debug;
		};
		CC69D5D328198C2700C86E8C /* Release */ = {
			isa = XCBuildConfiguration;
			buildSettings = {
				ASSETCATALOG_COMPILER_APPICON_NAME = AppIcon;
				ASSETCATALOG_COMPILER_GLOBAL_ACCENT_COLOR_NAME = AccentColor;
				CODE_SIGN_STYLE = Automatic;
				CURRENT_PROJECT_VERSION = 1;
				DEVELOPMENT_TEAM = L859KY23VK;
				GENERATE_INFOPLIST_FILE = YES;
				INFOPLIST_FILE = CustomCellViewCode/Info.plist;
				INFOPLIST_KEY_UIApplicationSupportsIndirectInputEvents = YES;
				INFOPLIST_KEY_UILaunchStoryboardName = LaunchScreen;
				INFOPLIST_KEY_UISupportedInterfaceOrientations_iPad = "UIInterfaceOrientationPortrait UIInterfaceOrientationPortraitUpsideDown UIInterfaceOrientationLandscapeLeft UIInterfaceOrientationLandscapeRight";
				INFOPLIST_KEY_UISupportedInterfaceOrientations_iPhone = "UIInterfaceOrientationPortrait UIInterfaceOrientationLandscapeLeft UIInterfaceOrientationLandscapeRight";
				LD_RUNPATH_SEARCH_PATHS = (
					"$(inherited)",
					"@executable_path/Frameworks",
				);
				MARKETING_VERSION = 1.0;
				PRODUCT_BUNDLE_IDENTIFIER = com.jean.CustomCellViewCode;
				PRODUCT_NAME = "$(TARGET_NAME)";
				SWIFT_EMIT_LOC_STRINGS = YES;
				SWIFT_VERSION = 5.0;
				TARGETED_DEVICE_FAMILY = "1,2";
			};
			name = Release;
		};
/* End XCBuildConfiguration section */

/* Begin XCConfigurationList section */
		CC69D5B828198C2300C86E8C /* Build configuration list for PBXProject "CustomCellViewCode" */ = {
			isa = XCConfigurationList;
			buildConfigurations = (
				CC69D5CF28198C2700C86E8C /* Debug */,
				CC69D5D028198C2700C86E8C /* Release */,
			);
			defaultConfigurationIsVisible = 0;
			defaultConfigurationName = Release;
		};
		CC69D5D128198C2700C86E8C /* Build configuration list for PBXNativeTarget "CustomCellViewCode" */ = {
			isa = XCConfigurationList;
			buildConfigurations = (
				CC69D5D228198C2700C86E8C /* Debug */,
				CC69D5D328198C2700C86E8C /* Release */,
			);
			defaultConfigurationIsVisible = 0;
			defaultConfigurationName = Release;
		};
/* End XCConfigurationList section */
	};
	rootObject = CC69D5B528198C2300C86E8C /* Project object */;
}
